{
  "nodes": {
    "flake-parts": {
      "inputs": {
        "nixpkgs-lib": [
          "nixpkgs"
        ]
      },
      "locked": {
        "lastModified": 1743550720,
        "narHash": "sha256-hIshGgKZCgWh6AYJpJmRgFdR3WUbkY04o82X05xqQiY=",
        "owner": "hercules-ci",
        "repo": "flake-parts",
        "rev": "c621e8422220273271f52058f618c94e405bb0f5",
        "type": "github"
      },
      "original": {
        "owner": "hercules-ci",
        "repo": "flake-parts",
        "type": "github"
      }
    },
    "nixpkgs-stable": {
      "locked": {
        "lastModified": 1745487689,
        "narHash": "sha256-FQoi3R0NjQeBAsEOo49b5tbDPcJSMWc3QhhaIi9eddw=",
        "owner": "NixOS",
        "repo": "nixpkgs",
        "rev": "5630cf13cceac06cefe9fc607e8dfa8fb342dde3",
        "type": "github"
      },
      "original": {
        "owner": "NixOS",
        "ref": "nixos-24.11",
        "repo": "nixpkgs",
        "type": "github"
      }
    },
    "nixpkgs-unstable": {
      "locked": {
        "lastModified": 1745391562,
        "narHash": "sha256-sPwcCYuiEopaafePqlG826tBhctuJsLx/mhKKM5Fmjo=",
        "owner": "NixOS",
        "repo": "nixpkgs",
        "rev": "8a2f738d9d1f1d986b5a4cd2fd2061a7127237d7",
        "type": "github"
      },
      "original": {
        "owner": "NixOS",
        "ref": "nixos-unstable",
        "repo": "nixpkgs",
        "type": "github"
      }
    },
    "root": {
      "inputs": {
        "flake-parts": "flake-parts",
        "nixpkgs": [
          "nixpkgs-unstable"
        ],
        "nixpkgs-stable": "nixpkgs-stable",
        "nixpkgs-unstable": "nixpkgs-unstable",
        "yanc": "yanc"
      }
    },
    "yanc": {
      "locked": {
        "lastModified": 1746197666,
        "narHash": "sha256-iE+BFF7ZRHCjCcsVwoR5wT3vRcKbCX29WcFGE1qeYz8=",
        "owner": "equals03",
        "repo": "yanc",
        "rev": "ceac237bd6682f2b86d343534f0412cb67867dd5",
        "type": "github"
      },
      "original": {
        "owner": "equals03",
        "repo": "yanc",
        "type": "github"
      }
    }
  },
  "root": "root",
  "version": 7
}
